
Microsoft Visual Studio Solution File, Format Version 12.00
# Visual Studio 15
VisualStudioVersion = 15.0.28307.539
MinimumVisualStudioVersion = 10.0.40219.1
Project("{9A19103F-16F7-4668-BE54-9A1E7A4F7556}") = "ArtSchoolApp", "ArtSchoolApp.csproj", "{BB743349-A0F2-45B2-90A6-C0BC8AE1C72A}"
EndProject
Global
	GlobalSection(SolutionConfigurationPlatforms) = preSolution
		Debug|Any CPU = Debug|Any CPU
		Release|Any CPU = Release|Any CPU
	EndGlobalSection
	GlobalSection(ProjectConfigurationPlatforms) = postSolution
		{BB743349-A0F2-45B2-90A6-C0BC8AE1C72A}.Debug|Any CPU.ActiveCfg = Debug|Any CPU
		{BB743349-A0F2-45B2-90A6-C0BC8AE1C72A}.Debug|Any CPU.Build.0 = Debug|Any CPU
		{BB743349-A0F2-45B2-90A6-C0BC8AE1C72A}.Release|Any CPU.ActiveCfg = Release|Any CPU
		{BB743349-A0F2-45B2-90A6-C0BC8AE1C72A}.Release|Any CPU.Build.0 = Release|Any CPU
	EndGlobalSection
	GlobalSection(SolutionProperties) = preSolution
		HideSolutionNode = FALSE
	EndGlobalSection
	GlobalSection(ExtensibilityGlobals) = postSolution
		SolutionGuid = {92EBB240-EA1A-4FC7-9B0D-D4B3D89E62D2}
	EndGlobalSection
EndGlobal
